// !$*UTF8*$!
{
	archiveVersion = 1;
	classes = {
	};
	objectVersion = 77;
	objects = {

/* Begin PBXContainerItemProxy section */
		197DC79F2F9DFAAC00583951 /* PBXContainerItemProxy */ = {
			isa = PBXContainerItemProxy;
			containerPortal = 197DC7892F9DFAAA00583951 /* Project object */;
			proxyType = 1;
			remoteGlobalIDString = 197DC7902F9DFAAA00583951;
			remoteInfo = EUCRangeCalculator;
		};
		197DC7A92F9DFAAC00583951 /* PBXContainerItemProxy */ = {
			isa = PBXContainerItemProxy;
			containerPortal = 197DC7892F9DFAAA00583951 /* Project object */;
			proxyType = 1;
			remoteGlobalIDString = 197DC7902F9DFAAA00583951;
			remoteInfo = EUCRangeCalculator;
		};
/* End PBXContainerItemProxy section */

/* Begin PBXFileReference section */
		197DC7912F9DFAAA00583951 /* EUCRangeCalculator.app */ = {isa = PBXFileReference; explicitFileType = wrapper.application; includeInIndex = 0; path = EUCRangeCalculator.app; sourceTree = BUILT_PRODUCTS_DIR; };
		197DC79E2F9DFAAC00583951 /* EUCRangeCalculatorTests.xctest */ = {isa = PBXFileReference; explicitFileType = wrapper.cfbundle; includeInIndex = 0; path = EUCRangeCalculatorTests.xctest; sourceTree = BUILT_PRODUCTS_DIR; };
		197DC7A82F9DFAAC00583951 /* EUCRangeCalculatorUITests.xctest */ = {isa = PBXFileReference; explicitFileType = wrapper.cfbundle; includeInIndex = 0; path = EUCRangeCalculatorUITests.xctest; sourceTree = BUILT_PRODUCTS_DIR; };
/* End PBXFileReference section */

/* Begin PBXFileSystemSynchronizedRootGroup section */
		197DC7932F9DFAAA00583951 /* EUCRangeCalculator */ = {
			isa = PBXFileSystemSynchronizedRootGroup;
			path = EUCRangeCalculator;
			sourceTree = "<group>";
		};
		197DC7A12F9DFAAC00583951 /* EUCRangeCalculatorTests */ = {
			isa = PBXFileSystemSynchronizedRootGroup;
			path = EUCRangeCalculatorTests;
			sourceTree = "<group>";
		};
		197DC7AB2F9DFAAC00583951 /* EUCRangeCalculatorUITests */ = {
			isa = PBXFileSystemSynchronizedRootGroup;
			path = EUCRangeCalculatorUITests;
			sourceTree = "<group>";
		};
/* End PBXFileSystemSynchronizedRootGroup section */

/* Begin PBXFrameworksBuildPhase section */
		197DC78E2F9DFAAA00583951 /* Frameworks */ = {
			isa = PBXFrameworksBuildPhase;
			buildActionMask = 2147483647;
			files = (
			);
			runOnlyForDeploymentPostprocessing = 0;
		};
		197DC79B2F9DFAAC00583951 /* Frameworks */ = {
			isa = PBXFrameworksBuildPhase;
			buildActionMask = 2147483647;
			files = (
			);
			runOnlyForDeploymentPostprocessing = 0;
		};
		197DC7A52F9DFAAC00583951 /* Frameworks */ = {
			isa = PBXFrameworksBuildPhase;
			buildActionMask = 2147483647;
			files = (
			);
			runOnlyForDeploymentPostprocessing = 0;
		};
/* End PBXFrameworksBuildPhase section */

/* Begin PBXGroup section */
		197DC7882F9DFAAA00583951 = {
			isa = PBXGroup;
			children = (
				197DC7932F9DFAAA00583951 /* EUCRangeCalculator */,
				197DC7A12F9DFAAC00583951 /* EUCRangeCalculatorTests */,
				197DC7AB2F9DFAAC00583951 /* EUCRangeCalculatorUITests */,
				197DC7922F9DFAAA00583951 /* Products */,
			);
			sourceTree = "<group>";
		};
		197DC7922F9DFAAA00583951 /* Products */ = {
			isa = PBXGroup;
			children = (
				197DC7912F9DFAAA00583951 /* EUCRangeCalculator.app */,
				197DC79E2F9DFAAC00583951 /* EUCRangeCalculatorTests.xctest */,
				197DC7A82F9DFAAC00583951 /* EUCRangeCalculatorUITests.xctest */,
			);
			name = Products;
			sourceTree = "<group>";
		};
/* End PBXGroup section */

/* Begin PBXNativeTarget section */
		197DC7902F9DFAAA00583951 /* EUCRangeCalculator */ = {
			isa = PBXNativeTarget;
			buildConfigurationList = 197DC7B22F9DFAAC00583951 /* Build configuration list for PBXNativeTarget "EUCRangeCalculator" */;
			buildPhases = (
				197DC78D2F9DFAAA00583951 /* Sources */,
				197DC78E2F9DFAAA00583951 /* Frameworks */,
				197DC78F2F9DFAAA00583951 /* Resources */,
			);
			buildRules = (
			);
			dependencies = (
			);
			fileSystemSynchronizedGroups = (
				197DC7932F9DFAAA00583951 /* EUCRangeCalculator */,
			);
			name = EUCRangeCalculator;
			packageProductDependencies = (
			);
			productName = EUCRangeCalculator;
			productReference = 197DC7912F9DFAAA00583951 /* EUCRangeCalculator.app */;
			productType = "com.apple.product-type.application";
		};
		197DC79D2F9DFAAC00583951 /* EUCRangeCalculatorTests */ = {
			isa = PBXNativeTarget;
			buildConfigurationList = 197DC7B52F9DFAAC00583951 /* Build configuration list for PBXNativeTarget "EUCRangeCalculatorTests" */;
			buildPhases = (
				197DC79A2F9DFAAC00583951 /* Sources */,
				197DC79B2F9DFAAC00583951 /* Frameworks */,
				197DC79C2F9DFAAC00583951 /* Resources */,
			);
			buildRules = (
			);
			dependencies = (
				197DC7A02F9DFAAC00583951 /* PBXTargetDependency */,
			);
			fileSystemSynchronizedGroups = (
				197DC7A12F9DFAAC00583951 /* EUCRangeCalculatorTests */,
			);
			name = EUCRangeCalculatorTests;
			packageProductDependencies = (
			);
			productName = EUCRangeCalculatorTests;
			productReference = 197DC79E2F9DFAAC00583951 /* EUCRangeCalculatorTests.xctest */;
			productType = "com.apple.product-type.bundle.unit-test";
		};
		197DC7A72F9DFAAC00583951 /* EUCRangeCalculatorUITests */ = {
			isa = PBXNativeTarget;
			buildConfigurationList = 197DC7B82F9DFAAC00583951 /* Build configuration list for PBXNativeTarget "EUCRangeCalculatorUITests" */;
			buildPhases = (
				197DC7A42F9DFAAC00583951 /* Sources */,
				197DC7A52F9DFAAC00583951 /* Frameworks */,
				197DC7A62F9DFAAC00583951 /* Resources */,
			);
			buildRules = (
			);
			dependencies = (
				197DC7AA2F9DFAAC00583951 /* PBXTargetDependency */,
			);
			fileSystemSynchronizedGroups = (
				197DC7AB2F9DFAAC00583951 /* EUCRangeCalculatorUITests */,
			);
			name = EUCRangeCalculatorUITests;
			packageProductDependencies = (
			);
			productName = EUCRangeCalculatorUITests;
			productReference = 197DC7A82F9DFAAC00583951 /* EUCRangeCalculatorUITests.xctest */;
			productType = "com.apple.product-type.bundle.ui-testing";
		};
/* End PBXNativeTarget section */

/* Begin PBXProject section */
		197DC7892F9DFAAA00583951 /* Project object */ = {
			isa = PBXProject;
			attributes = {
				BuildIndependentTargetsInParallel = 1;
				LastSwiftUpdateCheck = 2600;
				LastUpgradeCheck = 2600;
				TargetAttributes = {
					197DC7902F9DFAAA00583951 = {
						CreatedOnToolsVersion = 26.0;
					};
					197DC79D2F9DFAAC00583951 = {
						CreatedOnToolsVersion = 26.0;
						TestTargetID = 197DC7902F9DFAAA00583951;
					};
					197DC7A72F9DFAAC00583951 = {
						CreatedOnToolsVersion = 26.0;
						TestTargetID = 197DC7902F9DFAAA00583951;
					};
				};
			};
			buildConfigurationList = 197DC78C2F9DFAAA00583951 /* Build configuration list for PBXProject "EUCRangeCalculator" */;
			developmentRegion = en;
			hasScannedForEncodings = 0;
			knownRegions = (
				en,
				Base,
				fr,
			);
			mainGroup = 197DC7882F9DFAAA00583951;
			minimizedProjectReferenceProxies = 1;
			preferredProjectObjectVersion = 77;
			productRefGroup = 197DC7922F9DFAAA00583951 /* Products */;
			projectDirPath = "";
			projectRoot = "";
			targets = (
				197DC7902F9DFAAA00583951 /* EUCRangeCalculator */,
				197DC79D2F9DFAAC00583951 /* EUCRangeCalculatorTests */,
				197DC7A72F9DFAAC00583951 /* EUCRangeCalculatorUITests */,
			);
		};
/* End PBXProject section */

/* Begin PBXResourcesBuildPhase section */
		197DC78F2F9DFAAA00583951 /* Resources */ = {
			isa = PBXResourcesBuildPhase;
			buildActionMask = 2147483647;
			files = (
			);
			runOnlyForDeploymentPostprocessing = 0;
		};
		197DC79C2F9DFAAC00583951 /* Resources */ = {
			isa = PBXResourcesBuildPhase;
			buildActionMask = 2147483647;
			files = (
			);
			runOnlyForDeploymentPostprocessing = 0;
		};
		197DC7A62F9DFAAC00583951 /* Resources */ = {
			isa = PBXResourcesBuildPhase;
			buildActionMask = 2147483647;
			files = (
			);
			runOnlyForDeploymentPostprocessing = 0;
		};
/* End PBXResourcesBuildPhase section */

/* Begin PBXSourcesBuildPhase section */
		197DC78D2F9DFAAA00583951 /* Sources */ = {
			isa = PBXSourcesBuildPhase;
			buildActionMask = 2147483647;
			files = (
			);
			runOnlyForDeploymentPostprocessing = 0;
		};
		197DC79A2F9DFAAC00583951 /* Sources */ = {
			isa = PBXSourcesBuildPhase;
			buildActionMask = 2147483647;
			files = (
			);
			runOnlyForDeploymentPostprocessing = 0;
		};
		197DC7A42F9DFAAC00583951 /* Sources */ = {
			isa = PBXSourcesBuildPhase;
			buildActionMask = 2147483647;
			files = (
			);
			runOnlyForDeploymentPostprocessing = 0;
		};
/* End PBXSourcesBuildPhase section */

/* Begin PBXTargetDependency section */
		197DC7A02F9DFAAC00583951 /* PBXTargetDependency */ = {
			isa = PBXTargetDependency;
			target = 197DC7902F9DFAAA00583951 /* EUCRangeCalculator */;
			targetProxy = 197DC79F2F9DFAAC00583951 /* PBXContainerItemProxy */;
		};
		197DC7AA2F9DFAAC00583951 /* PBXTargetDependency */ = {
			isa = PBXTargetDependency;
			target = 197DC7902F9DFAAA00583951 /* EUCRangeCalculator */;
			targetProxy = 197DC7A92F9DFAAC00583951 /* PBXContainerItemProxy */;
		};
/* End PBXTargetDependency section */

/* Begin XCBuildConfiguration section */
		197DC7B02F9DFAAC00583951 /* Debug */ = {
			isa = XCBuildConfiguration;
			buildSettings = {
				ALWAYS_SEARCH_USER_PATHS = NO;
				ASSETCATALOG_COMPILER_GENERATE_SWIFT_ASSET_SYMBOL_EXTENSIONS = YES;
				CLANG_ANALYZER_NONNULL = YES;
				CLANG_ANALYZER_NUMBER_OBJECT_CONVERSION = YES_AGGRESSIVE;
				CLANG_CXX_LANGUAGE_STANDARD = "gnu++20";
				CLANG_ENABLE_MODULES = YES;
				CLANG_ENABLE_OBJC_ARC = YES;
				CLANG_ENABLE_OBJC_WEAK = YES;
				CLANG_WARN_BLOCK_CAPTURE_AUTORELEASING = YES;
				CLANG_WARN_BOOL_CONVERSION = YES;
				CLANG_WARN_COMMA = YES;
				CLANG_WARN_CONSTANT_CONVERSION = YES;
				CLANG_WARN_DEPRECATED_OBJC_IMPLEMENTATIONS = YES;
				CLANG_WARN_DIRECT_OBJC_ISA_USAGE = YES_ERROR;
				CLANG_WARN_DOCUMENTATION_COMMENTS = YES;
				CLANG_WARN_EMPTY_BODY = YES;
				CLANG_WARN_ENUM_CONVERSION = YES;
				CLANG_WARN_INFINITE_RECURSION = YES;
				CLANG_WARN_INT_CONVERSION = YES;
				CLANG_WARN_NON_LITERAL_NULL_CONVERSION = YES;
				CLANG_WARN_OBJC_IMPLICIT_RETAIN_SELF = YES;
				CLANG_WARN_OBJC_LITERAL_CONVERSION = YES;
				CLANG_WARN_OBJC_ROOT_CLASS = YES_ERROR;
				CLANG_WARN_QUOTED_INCLUDE_IN_FRAMEWORK_HEADER = YES;
				CLANG_WARN_RANGE_LOOP_ANALYSIS = YES;
				CLANG_WARN_STRICT_PROTOTYPES = YES;
				CLANG_WARN_SUSPICIOUS_MOVE = YES;
				CLANG_WARN_UNGUARDED_AVAILABILITY = YES_AGGRESSIVE;
				CLANG_WARN_UNREACHABLE_CODE = YES;
				CLANG_WARN__DUPLICATE_METHOD_MATCH = YES;
				COPY_PHASE_STRIP = NO;
				DEBUG_INFORMATION_FORMAT = dwarf;
				DEVELOPMENT_TEAM = C42F67Q933;
				ENABLE_STRICT_OBJC_MSGSEND = YES;
				ENABLE_TESTABILITY = YES;
				ENABLE_USER_SCRIPT_SANDBOXING = YES;
				GCC_C_LANGUAGE_STANDARD = gnu17;
				GCC_DYNAMIC_NO_PIC = NO;
				GCC_NO_COMMON_BLOCKS = YES;
				GCC_OPTIMIZATION_LEVEL = 0;
				GCC_PREPROCESSOR_DEFINITIONS = (
					"DEBUG=1",
					"$(inherited)",
				);
				GCC_WARN_64_TO_32_BIT_CONVERSION = YES;
				GCC_WARN_ABOUT_RETURN_TYPE = YES_ERROR;
				GCC_WARN_UNDECLARED_SELECTOR = YES;
				GCC_WARN_UNINITIALIZED_AUTOS = YES_AGGRESSIVE;
				GCC_WARN_UNUSED_FUNCTION = YES;
				GCC_WARN_UNUSED_VARIABLE = YES;
				IPHONEOS_DEPLOYMENT_TARGET = 26.0;
				LOCALIZATION_PREFERS_STRING_CATALOGS = YES;
				MTL_ENABLE_DEBUG_INFO = INCLUDE_SOURCE;
				MTL_FAST_MATH = YES;
				ONLY_ACTIVE_ARCH = YES;
				SDKROOT = iphoneos;
				SWIFT_ACTIVE_COMPILATION_CONDITIONS = "DEBUG $(inherited)";
				SWIFT_OPTIMIZATION_LEVEL = "-Onone";
			};
			name = Debug;
		};
		197DC7B12F9DFAAC00583951 /* Release */ = {
			isa = XCBuildConfiguration;
			buildSettings = {
				ALWAYS_SEARCH_USER_PATHS = NO;
				ASSETCATALOG_COMPILER_GENERATE_SWIFT_ASSET_SYMBOL_EXTENSIONS = YES;
				CLANG_ANALYZER_NONNULL = YES;
				CLANG_ANALYZER_NUMBER_OBJECT_CONVERSION = YES_AGGRESSIVE;
				CLANG_CXX_LANGUAGE_STANDARD = "gnu++20";
				CLANG_ENABLE_MODULES = YES;
				CLANG_ENABLE_OBJC_ARC = YES;
				CLANG_ENABLE_OBJC_WEAK = YES;
				CLANG_WARN_BLOCK_CAPTURE_AUTORELEASING = YES;
				CLANG_WARN_BOOL_CONVERSION = YES;
				CLANG_WARN_COMMA = YES;
				CLANG_WARN_CONSTANT_CONVERSION = YES;
				CLANG_WARN_DEPRECATED_OBJC_IMPLEMENTATIONS = YES;
				CLANG_WARN_DIRECT_OBJC_ISA_USAGE = YES_ERROR;
				CLANG_WARN_DOCUMENTATION_COMMENTS = YES;
				CLANG_WARN_EMPTY_BODY = YES;
				CLANG_WARN_ENUM_CONVERSION = YES;
				CLANG_WARN_INFINITE_RECURSION = YES;
				CLANG_WARN_INT_CONVERSION = YES;
				CLANG_WARN_NON_LITERAL_NULL_CONVERSION = YES;
				CLANG_WARN_OBJC_IMPLICIT_RETAIN_SELF = YES;
				CLANG_WARN_OBJC_LITERAL_CONVERSION = YES;
				CLANG_WARN_OBJC_ROOT_CLASS = YES_ERROR;
				CLANG_WARN_QUOTED_INCLUDE_IN_FRAMEWORK_HEADER = YES;
				CLANG_WARN_RANGE_LOOP_ANALYSIS = YES;
				CLANG_WARN_STRICT_PROTOTYPES = YES;
				CLANG_WARN_SUSPICIOUS_MOVE = YES;
				CLANG_WARN_UNGUARDED_AVAILABILITY = YES_AGGRESSIVE;
				CLANG_WARN_UNREACHABLE_CODE = YES;
				CLANG_WARN__DUPLICATE_METHOD_MATCH = YES;
				COPY_PHASE_STRIP = NO;
				DEBUG_INFORMATION_FORMAT = "dwarf-with-dsym";
				DEVELOPMENT_TEAM = C42F67Q933;
				ENABLE_NS_ASSERTIONS = NO;
				ENABLE_STRICT_OBJC_MSGSEND = YES;
				ENABLE_USER_SCRIPT_SANDBOXING = YES;
				GCC_C_LANGUAGE_STANDARD = gnu17;
				GCC_NO_COMMON_BLOCKS = YES;
				GCC_WARN_64_TO_32_BIT_CONVERSION = YES;
				GCC_WARN_ABOUT_RETURN_TYPE = YES_ERROR;
				GCC_WARN_UNDECLARED_SELECTOR = YES;
				GCC_WARN_UNINITIALIZED_AUTOS = YES_AGGRESSIVE;
				GCC_WARN_UNUSED_FUNCTION = YES;
				GCC_WARN_UNUSED_VARIABLE = YES;
				IPHONEOS_DEPLOYMENT_TARGET = 26.0;
				LOCALIZATION_PREFERS_STRING_CATALOGS = YES;
				MTL_ENABLE_DEBUG_INFO = NO;
				MTL_FAST_MATH = YES;
				SDKROOT = iphoneos;
				SWIFT_COMPILATION_MODE = wholemodule;
				VALIDATE_PRODUCT = YES;
			};
			name = Release;
		};
		197DC7B32F9DFAAC00583951 /* Debug */ = {
			isa = XCBuildConfiguration;
			buildSettings = {
				ASSETCATALOG_COMPILER_APPICON_NAME = AppIcon;
				ASSETCATALOG_COMPILER_GLOBAL_ACCENT_COLOR_NAME = AccentColor;
				CODE_SIGN_STYLE = Automatic;
				CURRENT_PROJECT_VERSION = 1;
				DEVELOPMENT_TEAM = C42F67Q933;
				ENABLE_PREVIEWS = YES;
				GENERATE_INFOPLIST_FILE = YES;
				INFOPLIST_KEY_NSLocationWhenInUseUsageDescription = "EUC Range Calculator uses your location to measure your real-time speed and calculate your remaining range while riding.";
				INFOPLIST_KEY_UIApplicationSceneManifest_Generation = YES;
				INFOPLIST_KEY_UIApplicationSupportsIndirectInputEvents = YES;
				INFOPLIST_KEY_UILaunchScreen_Generation = YES;
				INFOPLIST_KEY_UISupportedInterfaceOrientations_iPad = "UIInterfaceOrientationPortrait UIInterfaceOrientationPortraitUpsideDown UIInterfaceOrientationLandscapeLeft UIInterfaceOrientationLandscapeRight";
				INFOPLIST_KEY_UISupportedInterfaceOrientations_iPhone = "UIInterfaceOrientationPortrait UIInterfaceOrientationLandscapeLeft UIInterfaceOrientationLandscapeRight";
				LD_RUNPATH_SEARCH_PATHS = (
					"$(inherited)",
					"@executable_path/Frameworks",
				);
				MARKETING_VERSION = 1.0;
				PRODUCT_BUNDLE_IDENTIFIER = michel.tan.EUCRangeCalculator;
				PRODUCT_NAME = "$(TARGET_NAME)";
				STRING_CATALOG_GENERATE_SYMBOLS = YES;
				SWIFT_APPROACHABLE_CONCURRENCY = YES;
				SWIFT_DEFAULT_ACTOR_ISOLATION = MainActor;
				SWIFT_EMIT_LOC_STRINGS = YES;
				SWIFT_UPCOMING_FEATURE_MEMBER_IMPORT_VISIBILITY = YES;
				SWIFT_VERSION = 5.0;
				TARGETED_DEVICE_FAMILY = "1,2";
			};
			name = Debug;
		};
		197DC7B42F9DFAAC00583951 /* Release */ = {
			isa = XCBuildConfiguration;
			buildSettings = {
				ASSETCATALOG_COMPILER_APPICON_NAME = AppIcon;
				ASSETCATALOG_COMPILER_GLOBAL_ACCENT_COLOR_NAME = AccentColor;
				CODE_SIGN_STYLE = Automatic;
				CURRENT_PROJECT_VERSION = 1;
				DEVELOPMENT_TEAM = C42F67Q933;
				ENABLE_PREVIEWS = YES;
				GENERATE_INFOPLIST_FILE = YES;
				INFOPLIST_KEY_NSLocationWhenInUseUsageDescription = "EUC Range Calculator uses your location to measure your real-time speed and calculate your remaining range while riding.";
				INFOPLIST_KEY_UIApplicationSceneManifest_Generation = YES;
				INFOPLIST_KEY_UIApplicationSupportsIndirectInputEvents = YES;
				INFOPLIST_KEY_UILaunchScreen_Generation = YES;
				INFOPLIST_KEY_UISupportedInterfaceOrientations_iPad = "UIInterfaceOrientationPortrait UIInterfaceOrientationPortraitUpsideDown UIInterfaceOrientationLandscapeLeft UIInterfaceOrientationLandscapeRight";
				INFOPLIST_KEY_UISupportedInterfaceOrientations_iPhone = "UIInterfaceOrientationPortrait UIInterfaceOrientationLandscapeLeft UIInterfaceOrientationLandscapeRight";
				LD_RUNPATH_SEARCH_PATHS = (
					"$(inherited)",
					"@executable_path/Frameworks",
				);
				MARKETING_VERSION = 1.0;
				PRODUCT_BUNDLE_IDENTIFIER = michel.tan.EUCRangeCalculator;
				PRODUCT_NAME = "$(TARGET_NAME)";
				STRING_CATALOG_GENERATE_SYMBOLS = YES;
				SWIFT_APPROACHABLE_CONCURRENCY = YES;
				SWIFT_DEFAULT_ACTOR_ISOLATION = MainActor;
				SWIFT_EMIT_LOC_STRINGS = YES;
				SWIFT_UPCOMING_FEATURE_MEMBER_IMPORT_VISIBILITY = YES;
				SWIFT_VERSION = 5.0;
				TARGETED_DEVICE_FAMILY = "1,2";
			};
			name = Release;
		};
		197DC7B62F9DFAAC00583951 /* Debug */ = {
			isa = XCBuildConfiguration;
			buildSettings = {
				BUNDLE_LOADER = "$(TEST_HOST)";
				CODE_SIGN_STYLE = Automatic;
				CURRENT_PROJECT_VERSION = 1;
				DEVELOPMENT_TEAM = C42F67Q933;
				GENERATE_INFOPLIST_FILE = YES;
				IPHONEOS_DEPLOYMENT_TARGET = 26.0;
				MARKETING_VERSION = 1.0;
				PRODUCT_BUNDLE_IDENTIFIER = michel.tan.EUCRangeCalculatorTests;
				PRODUCT_NAME = "$(TARGET_NAME)";
				STRING_CATALOG_GENERATE_SYMBOLS = NO;
				SWIFT_APPROACHABLE_CONCURRENCY = YES;
				SWIFT_EMIT_LOC_STRINGS = NO;
				SWIFT_UPCOMING_FEATURE_MEMBER_IMPORT_VISIBILITY = YES;
				SWIFT_VERSION = 5.0;
				TARGETED_DEVICE_FAMILY = "1,2";
				TEST_HOST = "$(BUILT_PRODUCTS_DIR)/EUCRangeCalculator.app/$(BUNDLE_EXECUTABLE_FOLDER_PATH)/EUCRangeCalculator";
			};
			name = Debug;
		};
		197DC7B72F9DFAAC00583951 /* Release */ = {
			isa = XCBuildConfiguration;
			buildSettings = {
				BUNDLE_LOADER = "$(TEST_HOST)";
				CODE_SIGN_STYLE = Automatic;
				CURRENT_PROJECT_VERSION = 1;
				DEVELOPMENT_TEAM = C42F67Q933;
				GENERATE_INFOPLIST_FILE = YES;
				IPHONEOS_DEPLOYMENT_TARGET = 26.0;
				MARKETING_VERSION = 1.0;
				PRODUCT_BUNDLE_IDENTIFIER = michel.tan.EUCRangeCalculatorTests;
				PRODUCT_NAME = "$(TARGET_NAME)";
				STRING_CATALOG_GENERATE_SYMBOLS = NO;
				SWIFT_APPROACHABLE_CONCURRENCY = YES;
				SWIFT_EMIT_LOC_STRINGS = NO;
				SWIFT_UPCOMING_FEATURE_MEMBER_IMPORT_VISIBILITY = YES;
				SWIFT_VERSION = 5.0;
				TARGETED_DEVICE_FAMILY = "1,2";
				TEST_HOST = "$(BUILT_PRODUCTS_DIR)/EUCRangeCalculator.app/$(BUNDLE_EXECUTABLE_FOLDER_PATH)/EUCRangeCalculator";
			};
			name = Release;
		};
		197DC7B92F9DFAAC00583951 /* Debug */ = {
			isa = XCBuildConfiguration;
			buildSettings = {
				CODE_SIGN_STYLE = Automatic;
				CURRENT_PROJECT_VERSION = 1;
				DEVELOPMENT_TEAM = C42F67Q933;
				GENERATE_INFOPLIST_FILE = YES;
				MARKETING_VERSION = 1.0;
				PRODUCT_BUNDLE_IDENTIFIER = michel.tan.EUCRangeCalculatorUITests;
				PRODUCT_NAME = "$(TARGET_NAME)";
				STRING_CATALOG_GENERATE_SYMBOLS = NO;
				SWIFT_APPROACHABLE_CONCURRENCY = YES;
				SWIFT_EMIT_LOC_STRINGS = NO;
				SWIFT_UPCOMING_FEATURE_MEMBER_IMPORT_VISIBILITY = YES;
				SWIFT_VERSION = 5.0;
				TARGETED_DEVICE_FAMILY = "1,2";
				TEST_TARGET_NAME = EUCRangeCalculator;
			};
			name = Debug;
		};
		197DC7BA2F9DFAAC00583951 /* Release */ = {
			isa = XCBuildConfiguration;
			buildSettings = {
				CODE_SIGN_STYLE = Automatic;
				CURRENT_PROJECT_VERSION = 1;
				DEVELOPMENT_TEAM = C42F67Q933;
				GENERATE_INFOPLIST_FILE = YES;
				MARKETING_VERSION = 1.0;
				PRODUCT_BUNDLE_IDENTIFIER = michel.tan.EUCRangeCalculatorUITests;
				PRODUCT_NAME = "$(TARGET_NAME)";
				STRING_CATALOG_GENERATE_SYMBOLS = NO;
				SWIFT_APPROACHABLE_CONCURRENCY = YES;
				SWIFT_EMIT_LOC_STRINGS = NO;
				SWIFT_UPCOMING_FEATURE_MEMBER_IMPORT_VISIBILITY = YES;
				SWIFT_VERSION = 5.0;
				TARGETED_DEVICE_FAMILY = "1,2";
				TEST_TARGET_NAME = EUCRangeCalculator;
			};
			name = Release;
		};
/* End XCBuildConfiguration section */

/* Begin XCConfigurationList section */
		197DC78C2F9DFAAA00583951 /* Build configuration list for PBXProject "EUCRangeCalculator" */ = {
			isa = XCConfigurationList;
			buildConfigurations = (
				197DC7B02F9DFAAC00583951 /* Debug */,
				197DC7B12F9DFAAC00583951 /* Release */,
			);
			defaultConfigurationIsVisible = 0;
			defaultConfigurationName = Release;
		};
		197DC7B22F9DFAAC00583951 /* Build configuration list for PBXNativeTarget "EUCRangeCalculator" */ = {
			isa = XCConfigurationList;
			buildConfigurations = (
				197DC7B32F9DFAAC00583951 /* Debug */,
				197DC7B42F9DFAAC00583951 /* Release */,
			);
			defaultConfigurationIsVisible = 0;
			defaultConfigurationName = Release;
		};
		197DC7B52F9DFAAC00583951 /* Build configuration list for PBXNativeTarget "EUCRangeCalculatorTests" */ = {
			isa = XCConfigurationList;
			buildConfigurations = (
				197DC7B62F9DFAAC00583951 /* Debug */,
				197DC7B72F9DFAAC00583951 /* Release */,
			);
			defaultConfigurationIsVisible = 0;
			defaultConfigurationName = Release;
		};
		197DC7B82F9DFAAC00583951 /* Build configuration list for PBXNativeTarget "EUCRangeCalculatorUITests" */ = {
			isa = XCConfigurationList;
			buildConfigurations = (
				197DC7B92F9DFAAC00583951 /* Debug */,
				197DC7BA2F9DFAAC00583951 /* Release */,
			);
			defaultConfigurationIsVisible = 0;
			defaultConfigurationName = Release;
		};
/* End XCConfigurationList section */
	};
	rootObject = 197DC7892F9DFAAA00583951 /* Project object */;
}
